
Microsoft Visual Studio Solution File, Format Version 12.00
# Visual Studio Version 16
VisualStudioVersion = 16.0.30413.136
MinimumVisualStudioVersion = 10.0.40219.1
Project("{8BC9CEB8-8B4A-11D0-8D11-00A0C91BC942}") = "openGl GUI", "openGl GUI\openGl GUI.vcxproj", "{DBD80BB7-B7C8-4630-8231-D69D8A992EDA}"
EndProject
Global
	GlobalSection(SolutionConfigurationPlatforms) = preSolution
		Debug|x64 = Debug|x64
		Debug|x86 = Debug|x86
		Release|x64 = Release|x64
		Release|x86 = Release|x86
	EndGlobalSection
	GlobalSection(ProjectConfigurationPlatforms) = postSolution
		{DBD80BB7-B7C8-4630-8231-D69D8A992EDA}.Debug|x64.ActiveCfg = Debug|x64
		{DBD80BB7-B7C8-4630-8231-D69D8A992EDA}.Debug|x64.Build.0 = Debug|x64
		{DBD80BB7-B7C8-4630-8231-D69D8A992EDA}.Debug|x86.ActiveCfg = Debug|Win32
		{DBD80BB7-B7C8-4630-8231-D69D8A992EDA}.Debug|x86.Build.0 = Debug|Win32
		{DBD80BB7-B7C8-4630-8231-D69D8A992EDA}.Release|x64.ActiveCfg = Release|x64
		{DBD80BB7-B7C8-4630-8231-D69D8A992EDA}.Release|x64.Build.0 = Release|x64
		{DBD80BB7-B7C8-4630-8231-D69D8A992EDA}.Release|x86.ActiveCfg = Release|Win32
		{DBD80BB7-B7C8-4630-8231-D69D8A992EDA}.Release|x86.Build.0 = Release|Win32
	EndGlobalSection
	GlobalSection(SolutionProperties) = preSolution
		HideSolutionNode = FALSE
	EndGlobalSection
	GlobalSection(ExtensibilityGlobals) = postSolution
		SolutionGuid = {697ED486-97FA-4998-A8D9-E7B9C77A69CF}
	EndGlobalSection
EndGlobal
